
Microsoft Visual Studio Solution File, Format Version 12.00
# Visual Studio Version 16
VisualStudioVersion = 16.0.31829.152
MinimumVisualStudioVersion = 10.0.40219.1
Project("{FAE04EC0-301F-11D3-BF4B-00C04F79EFBC}") = "Zadacha5.2", "Zadacha5.2\Zadacha5.2.csproj", "{5033BB77-A90F-4522-A211-C68863370F13}"
EndProject
Global
	GlobalSection(SolutionConfigurationPlatforms) = preSolution
		Debug|Any CPU = Debug|Any CPU
		Release|Any CPU = Release|Any CPU
	EndGlobalSection
	GlobalSection(ProjectConfigurationPlatforms) = postSolution
		{5033BB77-A90F-4522-A211-C68863370F13}.Debug|Any CPU.ActiveCfg = Debug|Any CPU
		{5033BB77-A90F-4522-A211-C68863370F13}.Debug|Any CPU.Build.0 = Debug|Any CPU
		{5033BB77-A90F-4522-A211-C68863370F13}.Release|Any CPU.ActiveCfg = Release|Any CPU
		{5033BB77-A90F-4522-A211-C68863370F13}.Release|Any CPU.Build.0 = Release|Any CPU
	EndGlobalSection
	GlobalSection(SolutionProperties) = preSolution
		HideSolutionNode = FALSE
	EndGlobalSection
	GlobalSection(ExtensibilityGlobals) = postSolution
		SolutionGuid = {09415F43-A983-4B4E-8E19-A1B796E35971}
	EndGlobalSection
EndGlobal
